// !$*UTF8*$!
{
	archiveVersion = 1;
	classes = {
	};
	objectVersion = 46;
	objects = {

/* Begin PBXBuildFile section */
		1531AB601D77E15E008E4F08 /* CenterViewController.swift in Sources */ = {isa = PBXBuildFile; fileRef = 1531AB5F1D77E15E008E4F08 /* CenterViewController.swift */; };
		153E84C31D749DCB00C25A8A /* AppDelegate.swift in Sources */ = {isa = PBXBuildFile; fileRef = 153E84C21D749DCB00C25A8A /* AppDelegate.swift */; };
		153E84C51D749DCB00C25A8A /* ViewController.swift in Sources */ = {isa = PBXBuildFile; fileRef = 153E84C41D749DCB00C25A8A /* ViewController.swift */; };
		153E84C81D749DCB00C25A8A /* Main.storyboard in Resources */ = {isa = PBXBuildFile; fileRef = 153E84C61D749DCB00C25A8A /* Main.storyboard */; };
		153E84CA1D749DCB00C25A8A /* Assets.xcassets in Resources */ = {isa = PBXBuildFile; fileRef = 153E84C91D749DCB00C25A8A /* Assets.xcassets */; };
		153E84CD1D749DCB00C25A8A /* LaunchScreen.storyboard in Resources */ = {isa = PBXBuildFile; fileRef = 153E84CB1D749DCB00C25A8A /* LaunchScreen.storyboard */; };
		15C2848C1D75E33000E9D988 /* HealthKit.framework in Frameworks */ = {isa = PBXBuildFile; fileRef = 15C2848B1D75E33000E9D988 /* HealthKit.framework */; };
		15FA05441D7924BA00069FB2 /* HealthKit.swift in Sources */ = {isa = PBXBuildFile; fileRef = 15FA05431D7924BA00069FB2 /* HealthKit.swift */; };
/* End PBXBuildFile section */

/* Begin PBXFileReference section */
		1531AB5F1D77E15E008E4F08 /* CenterViewController.swift */ = {isa = PBXFileReference; fileEncoding = 4; lastKnownFileType = sourcecode.swift; path = CenterViewController.swift; sourceTree = "<group>"; };
		153E84BF1D749DCB00C25A8A /* FitEx.app */ = {isa = PBXFileReference; explicitFileType = wrapper.application; includeInIndex = 0; path = FitEx.app; sourceTree = BUILT_PRODUCTS_DIR; };
		153E84C21D749DCB00C25A8A /* AppDelegate.swift */ = {isa = PBXFileReference; lastKnownFileType = sourcecode.swift; path = AppDelegate.swift; sourceTree = "<group>"; };
		153E84C41D749DCB00C25A8A /* ViewController.swift */ = {isa = PBXFileReference; lastKnownFileType = sourcecode.swift; path = ViewController.swift; sourceTree = "<group>"; };
		153E84C71D749DCB00C25A8A /* Base */ = {isa = PBXFileReference; lastKnownFileType = file.storyboard; name = Base; path = Base.lproj/Main.storyboard; sourceTree = "<group>"; };
		153E84C91D749DCB00C25A8A /* Assets.xcassets */ = {isa = PBXFileReference; lastKnownFileType = folder.assetcatalog; path = Assets.xcassets; sourceTree = "<group>"; };
		153E84CC1D749DCB00C25A8A /* Base */ = {isa = PBXFileReference; lastKnownFileType = file.storyboard; name = Base; path = Base.lproj/LaunchScreen.storyboard; sourceTree = "<group>"; };
		153E84CE1D749DCB00C25A8A /* Info.plist */ = {isa = PBXFileReference; lastKnownFileType = text.plist.xml; path = Info.plist; sourceTree = "<group>"; };
		15C2848B1D75E33000E9D988 /* HealthKit.framework */ = {isa = PBXFileReference; lastKnownFileType = wrapper.framework; name = HealthKit.framework; path = System/Library/Frameworks/HealthKit.framework; sourceTree = SDKROOT; };
		15C2848D1D75E33000E9D988 /* FitEx.entitlements */ = {isa = PBXFileReference; lastKnownFileType = text.xml; path = FitEx.entitlements; sourceTree = "<group>"; };
		15FA05431D7924BA00069FB2 /* HealthKit.swift */ = {isa = PBXFileReference; fileEncoding = 4; lastKnownFileType = sourcecode.swift; path = HealthKit.swift; sourceTree = "<group>"; };
/* End PBXFileReference section */

/* Begin PBXFrameworksBuildPhase section */
		153E84BC1D749DCA00C25A8A /* Frameworks */ = {
			isa = PBXFrameworksBuildPhase;
			buildActionMask = 2147483647;
			files = (
				15C2848C1D75E33000E9D988 /* HealthKit.framework in Frameworks */,
			);
			runOnlyForDeploymentPostprocessing = 0;
		};
/* End PBXFrameworksBuildPhase section */

/* Begin PBXGroup section */
		153E84B61D749DCA00C25A8A = {
			isa = PBXGroup;
			children = (
				153E84C11D749DCB00C25A8A /* FitEx */,
				153E84C01D749DCB00C25A8A /* Products */,
				15C2848B1D75E33000E9D988 /* HealthKit.framework */,
			);
			sourceTree = "<group>";
		};
		153E84C01D749DCB00C25A8A /* Products */ = {
			isa = PBXGroup;
			children = (
				153E84BF1D749DCB00C25A8A /* FitEx.app */,
			);
			name = Products;
			sourceTree = "<group>";
		};
		153E84C11D749DCB00C25A8A /* FitEx */ = {
			isa = PBXGroup;
			children = (
				15C2848D1D75E33000E9D988 /* FitEx.entitlements */,
				153E84C21D749DCB00C25A8A /* AppDelegate.swift */,
				153E84C41D749DCB00C25A8A /* ViewController.swift */,
				1531AB5F1D77E15E008E4F08 /* CenterViewController.swift */,
				15FA05431D7924BA00069FB2 /* HealthKit.swift */,
				153E84CB1D749DCB00C25A8A /* LaunchScreen.storyboard */,
				153E84C61D749DCB00C25A8A /* Main.storyboard */,
				153E84CE1D749DCB00C25A8A /* Info.plist */,
				153E84C91D749DCB00C25A8A /* Assets.xcassets */,
			);
			path = FitEx;
			sourceTree = "<group>";
		};
/* End PBXGroup section */

/* Begin PBXNativeTarget section */
		153E84BE1D749DCA00C25A8A /* FitEx */ = {
			isa = PBXNativeTarget;
			buildConfigurationList = 153E84D11D749DCB00C25A8A /* Build configuration list for PBXNativeTarget "FitEx" */;
			buildPhases = (
				153E84BB1D749DCA00C25A8A /* Sources */,
				153E84BC1D749DCA00C25A8A /* Frameworks */,
				153E84BD1D749DCA00C25A8A /* Resources */,
			);
			buildRules = (
			);
			dependencies = (
			);
			name = FitEx;
			productName = FitEx;
			productReference = 153E84BF1D749DCB00C25A8A /* FitEx.app */;
			productType = "com.apple.product-type.application";
		};
/* End PBXNativeTarget section */

/* Begin PBXProject section */
		153E84B71D749DCA00C25A8A /* Project object */ = {
			isa = PBXProject;
			attributes = {
				LastSwiftUpdateCheck = 0730;
				LastUpgradeCheck = 0800;
				ORGANIZATIONNAME = "Taiwen Jin";
				TargetAttributes = {
					153E84BE1D749DCA00C25A8A = {
						CreatedOnToolsVersion = 7.3.1;
						DevelopmentTeam = C34536CJNF;
						LastSwiftMigration = 0800;
						SystemCapabilities = {
							com.apple.BackgroundModes = {
								enabled = 1;
							};
							com.apple.HealthKit = {
								enabled = 1;
							};
						};
					};
				};
			};
			buildConfigurationList = 153E84BA1D749DCA00C25A8A /* Build configuration list for PBXProject "FitEx" */;
			compatibilityVersion = "Xcode 3.2";
			developmentRegion = English;
			hasScannedForEncodings = 0;
			knownRegions = (
				en,
				Base,
			);
			mainGroup = 153E84B61D749DCA00C25A8A;
			productRefGroup = 153E84C01D749DCB00C25A8A /* Products */;
			projectDirPath = "";
			projectRoot = "";
			targets = (
				153E84BE1D749DCA00C25A8A /* FitEx */,
			);
		};
/* End PBXProject section */

/* Begin PBXResourcesBuildPhase section */
		153E84BD1D749DCA00C25A8A /* Resources */ = {
			isa = PBXResourcesBuildPhase;
			buildActionMask = 2147483647;
			files = (
				153E84CD1D749DCB00C25A8A /* LaunchScreen.storyboard in Resources */,
				153E84CA1D749DCB00C25A8A /* Assets.xcassets in Resources */,
				153E84C81D749DCB00C25A8A /* Main.storyboard in Resources */,
			);
			runOnlyForDeploymentPostprocessing = 0;
		};
/* End PBXResourcesBuildPhase section */

/* Begin PBXSourcesBuildPhase section */
		153E84BB1D749DCA00C25A8A /* Sources */ = {
			isa = PBXSourcesBuildPhase;
			buildActionMask = 2147483647;
			files = (
				15FA05441D7924BA00069FB2 /* HealthKit.swift in Sources */,
				1531AB601D77E15E008E4F08 /* CenterViewController.swift in Sources */,
				153E84C51D749DCB00C25A8A /* ViewController.swift in Sources */,
				153E84C31D749DCB00C25A8A /* AppDelegate.swift in Sources */,
			);
			runOnlyForDeploymentPostprocessing = 0;
		};
/* End PBXSourcesBuildPhase section */

/* Begin PBXVariantGroup section */
		153E84C61D749DCB00C25A8A /* Main.storyboard */ = {
			isa = PBXVariantGroup;
			children = (
				153E84C71D749DCB00C25A8A /* Base */,
			);
			name = Main.storyboard;
			sourceTree = "<group>";
		};
		153E84CB1D749DCB00C25A8A /* LaunchScreen.storyboard */ = {
			isa = PBXVariantGroup;
			children = (
				153E84CC1D749DCB00C25A8A /* Base */,
			);
			name = LaunchScreen.storyboard;
			sourceTree = "<group>";
		};
/* End PBXVariantGroup section */

/* Begin XCBuildConfiguration section */
		153E84CF1D749DCB00C25A8A /* Debug */ = {
			isa = XCBuildConfiguration;
			buildSettings = {
				ALWAYS_SEARCH_USER_PATHS = NO;
				CLANG_ANALYZER_NONNULL = YES;
				CLANG_CXX_LANGUAGE_STANDARD = "gnu++0x";
				CLANG_CXX_LIBRARY = "libc++";
				CLANG_ENABLE_MODULES = YES;
				CLANG_ENABLE_OBJC_ARC = YES;
				CLANG_WARN_BOOL_CONVERSION = YES;
				CLANG_WARN_CONSTANT_CONVERSION = YES;
				CLANG_WARN_DIRECT_OBJC_ISA_USAGE = YES_ERROR;
				CLANG_WARN_EMPTY_BODY = YES;
				CLANG_WARN_ENUM_CONVERSION = YES;
				CLANG_WARN_INFINITE_RECURSION = YES;
				CLANG_WARN_INT_CONVERSION = YES;
				CLANG_WARN_OBJC_ROOT_CLASS = YES_ERROR;
				CLANG_WARN_SUSPICIOUS_MOVE = YES;
				CLANG_WARN_UNREACHABLE_CODE = YES;
				CLANG_WARN__DUPLICATE_METHOD_MATCH = YES;
				"CODE_SIGN_IDENTITY[sdk=iphoneos*]" = "iPhone Developer";
				COPY_PHASE_STRIP = NO;
				DEBUG_INFORMATION_FORMAT = dwarf;
				ENABLE_STRICT_OBJC_MSGSEND = YES;
				ENABLE_TESTABILITY = YES;
				GCC_C_LANGUAGE_STANDARD = gnu99;
				GCC_DYNAMIC_NO_PIC = NO;
				GCC_NO_COMMON_BLOCKS = YES;
				GCC_OPTIMIZATION_LEVEL = 0;
				GCC_PREPROCESSOR_DEFINITIONS = (
					"DEBUG=1",
					"$(inherited)",
				);
				GCC_WARN_64_TO_32_BIT_CONVERSION = YES;
				GCC_WARN_ABOUT_RETURN_TYPE = YES_ERROR;
				GCC_WARN_UNDECLARED_SELECTOR = YES;
				GCC_WARN_UNINITIALIZED_AUTOS = YES_AGGRESSIVE;
				GCC_WARN_UNUSED_FUNCTION = YES;
				GCC_WARN_UNUSED_VARIABLE = YES;
				IPHONEOS_DEPLOYMENT_TARGET = 9.0;
				MTL_ENABLE_DEBUG_INFO = YES;
				ONLY_ACTIVE_ARCH = YES;
				SDKROOT = iphoneos;
				SWIFT_OPTIMIZATION_LEVEL = "-Onone";
				TARGETED_DEVICE_FAMILY = "1,2";
			};
			name = Debug;
		};
		153E84D01D749DCB00C25A8A /* Release */ = {
			isa = XCBuildConfiguration;
			buildSettings = {
				ALWAYS_SEARCH_USER_PATHS = NO;
				CLANG_ANALYZER_NONNULL = YES;
				CLANG_CXX_LANGUAGE_STANDARD = "gnu++0x";
				CLANG_CXX_LIBRARY = "libc++";
				CLANG_ENABLE_MODULES = YES;
				CLANG_ENABLE_OBJC_ARC = YES;
				CLANG_WARN_BOOL_CONVERSION = YES;
				CLANG_WARN_CONSTANT_CONVERSION = YES;
				CLANG_WARN_DIRECT_OBJC_ISA_USAGE = YES_ERROR;
				CLANG_WARN_EMPTY_BODY = YES;
				CLANG_WARN_ENUM_CONVERSION = YES;
				CLANG_WARN_INFINITE_RECURSION = YES;
				CLANG_WARN_INT_CONVERSION = YES;
				CLANG_WARN_OBJC_ROOT_CLASS = YES_ERROR;
				CLANG_WARN_SUSPICIOUS_MOVE = YES;
				CLANG_WARN_UNREACHABLE_CODE = YES;
				CLANG_WARN__DUPLICATE_METHOD_MATCH = YES;
				"CODE_SIGN_IDENTITY[sdk=iphoneos*]" = "iPhone Developer";
				COPY_PHASE_STRIP = NO;
				DEBUG_INFORMATION_FORMAT = "dwarf-with-dsym";
				ENABLE_NS_ASSERTIONS = NO;
				ENABLE_STRICT_OBJC_MSGSEND = YES;
				GCC_C_LANGUAGE_STANDARD = gnu99;
				GCC_NO_COMMON_BLOCKS = YES;
				GCC_WARN_64_TO_32_BIT_CONVERSION = YES;
				GCC_WARN_ABOUT_RETURN_TYPE = YES_ERROR;
				GCC_WARN_UNDECLARED_SELECTOR = YES;
				GCC_WARN_UNINITIALIZED_AUTOS = YES_AGGRESSIVE;
				GCC_WARN_UNUSED_FUNCTION = YES;
				GCC_WARN_UNUSED_VARIABLE = YES;
				IPHONEOS_DEPLOYMENT_TARGET = 9.0;
				MTL_ENABLE_DEBUG_INFO = NO;
				SDKROOT = iphoneos;
				SWIFT_OPTIMIZATION_LEVEL = "-Owholemodule";
				TARGETED_DEVICE_FAMILY = "1,2";
				VALIDATE_PRODUCT = YES;
			};
			name = Release;
		};
		153E84D21D749DCB00C25A8A /* Debug */ = {
			isa = XCBuildConfiguration;
			buildSettings = {
				ASSETCATALOG_COMPILER_APPICON_NAME = AppIcon;
				CODE_SIGN_ENTITLEMENTS = FitEx/FitEx.entitlements;
				CODE_SIGN_IDENTITY = "iPhone Developer";
				INFOPLIST_FILE = FitEx/Info.plist;
				IPHONEOS_DEPLOYMENT_TARGET = 9.0;
				LD_RUNPATH_SEARCH_PATHS = "$(inherited) @executable_path/Frameworks";
				PRODUCT_BUNDLE_IDENTIFIER = com.taiwenjin.FitEx;
				PRODUCT_NAME = "$(TARGET_NAME)";
				SWIFT_VERSION = 3.0;
			};
			name = Debug;
		};
		153E84D31D749DCB00C25A8A /* Release */ = {
			isa = XCBuildConfiguration;
			buildSettings = {
				ASSETCATALOG_COMPILER_APPICON_NAME = AppIcon;
				CODE_SIGN_ENTITLEMENTS = FitEx/FitEx.entitlements;
				CODE_SIGN_IDENTITY = "iPhone Developer";
				INFOPLIST_FILE = FitEx/Info.plist;
				IPHONEOS_DEPLOYMENT_TARGET = 9.0;
				LD_RUNPATH_SEARCH_PATHS = "$(inherited) @executable_path/Frameworks";
				PRODUCT_BUNDLE_IDENTIFIER = com.taiwenjin.FitEx;
				PRODUCT_NAME = "$(TARGET_NAME)";
				SWIFT_VERSION = 3.0;
			};
			name = Release;
		};
/* End XCBuildConfiguration section */

/* Begin XCConfigurationList section */
		153E84BA1D749DCA00C25A8A /* Build configuration list for PBXProject "FitEx" */ = {
			isa = XCConfigurationList;
			buildConfigurations = (
				153E84CF1D749DCB00C25A8A /* Debug */,
				153E84D01D749DCB00C25A8A /* Release */,
			);
			defaultConfigurationIsVisible = 0;
			defaultConfigurationName = Release;
		};
		153E84D11D749DCB00C25A8A /* Build configuration list for PBXNativeTarget "FitEx" */ = {
			isa = XCConfigurationList;
			buildConfigurations = (
				153E84D21D749DCB00C25A8A /* Debug */,
				153E84D31D749DCB00C25A8A /* Release */,
			);
			defaultConfigurationIsVisible = 0;
			defaultConfigurationName = Release;
		};
/* End XCConfigurationList section */
	};
	rootObject = 153E84B71D749DCA00C25A8A /* Project object */;
}
